// !$*UTF8*$!
{
	archiveVersion = 1;
	classes = {
	};
	objectVersion = 46;
	objects = {

/* Begin PBXBuildFile section */
		1D3AB2EF1FB6998500C14745 /* AppDelegate.swift in Sources */ = {isa = PBXBuildFile; fileRef = 1D3AB2EE1FB6998500C14745 /* AppDelegate.swift */; };
		1D3AB2F11FB6998500C14745 /* CompaniesController.swift in Sources */ = {isa = PBXBuildFile; fileRef = 1D3AB2F01FB6998500C14745 /* CompaniesController.swift */; };
		1D3AB2F41FB6998500C14745 /* Main.storyboard in Resources */ = {isa = PBXBuildFile; fileRef = 1D3AB2F21FB6998500C14745 /* Main.storyboard */; };
		1D3AB2F61FB6998500C14745 /* Assets.xcassets in Resources */ = {isa = PBXBuildFile; fileRef = 1D3AB2F51FB6998500C14745 /* Assets.xcassets */; };
		1D3AB2F91FB6998500C14745 /* LaunchScreen.storyboard in Resources */ = {isa = PBXBuildFile; fileRef = 1D3AB2F71FB6998500C14745 /* LaunchScreen.storyboard */; };
		1D3AB3041FB6998600C14745 /* CompaniesTests.swift in Sources */ = {isa = PBXBuildFile; fileRef = 1D3AB3031FB6998600C14745 /* CompaniesTests.swift */; };
		1D3AB30F1FB6998600C14745 /* CompaniesUITests.swift in Sources */ = {isa = PBXBuildFile; fileRef = 1D3AB30E1FB6998600C14745 /* CompaniesUITests.swift */; };
		1D3AB31E1FB6A59400C14745 /* Extensions.swift in Sources */ = {isa = PBXBuildFile; fileRef = 1D3AB31D1FB6A59400C14745 /* Extensions.swift */; };
		1D3AB3211FB6AC1F00C14745 /* Company.swift in Sources */ = {isa = PBXBuildFile; fileRef = 1D3AB3201FB6AC1F00C14745 /* Company.swift */; };
		1D3AB3241FB6B36100C14745 /* CreateCompanyController.swift in Sources */ = {isa = PBXBuildFile; fileRef = 1D3AB3231FB6B36100C14745 /* CreateCompanyController.swift */; };
/* End PBXBuildFile section */

/* Begin PBXContainerItemProxy section */
		1D3AB3001FB6998600C14745 /* PBXContainerItemProxy */ = {
			isa = PBXContainerItemProxy;
			containerPortal = 1D3AB2E31FB6998500C14745 /* Project object */;
			proxyType = 1;
			remoteGlobalIDString = 1D3AB2EA1FB6998500C14745;
			remoteInfo = Companies;
		};
		1D3AB30B1FB6998600C14745 /* PBXContainerItemProxy */ = {
			isa = PBXContainerItemProxy;
			containerPortal = 1D3AB2E31FB6998500C14745 /* Project object */;
			proxyType = 1;
			remoteGlobalIDString = 1D3AB2EA1FB6998500C14745;
			remoteInfo = Companies;
		};
/* End PBXContainerItemProxy section */

/* Begin PBXFileReference section */
		1D3AB2EB1FB6998500C14745 /* Companies.app */ = {isa = PBXFileReference; explicitFileType = wrapper.application; includeInIndex = 0; path = Companies.app; sourceTree = BUILT_PRODUCTS_DIR; };
		1D3AB2EE1FB6998500C14745 /* AppDelegate.swift */ = {isa = PBXFileReference; lastKnownFileType = sourcecode.swift; path = AppDelegate.swift; sourceTree = "<group>"; };
		1D3AB2F01FB6998500C14745 /* CompaniesController.swift */ = {isa = PBXFileReference; lastKnownFileType = sourcecode.swift; path = CompaniesController.swift; sourceTree = "<group>"; };
		1D3AB2F31FB6998500C14745 /* Base */ = {isa = PBXFileReference; lastKnownFileType = file.storyboard; name = Base; path = Base.lproj/Main.storyboard; sourceTree = "<group>"; };
		1D3AB2F51FB6998500C14745 /* Assets.xcassets */ = {isa = PBXFileReference; lastKnownFileType = folder.assetcatalog; path = Assets.xcassets; sourceTree = "<group>"; };
		1D3AB2F81FB6998500C14745 /* Base */ = {isa = PBXFileReference; lastKnownFileType = file.storyboard; name = Base; path = Base.lproj/LaunchScreen.storyboard; sourceTree = "<group>"; };
		1D3AB2FA1FB6998500C14745 /* Info.plist */ = {isa = PBXFileReference; lastKnownFileType = text.plist.xml; path = Info.plist; sourceTree = "<group>"; };
		1D3AB2FF1FB6998600C14745 /* CompaniesTests.xctest */ = {isa = PBXFileReference; explicitFileType = wrapper.cfbundle; includeInIndex = 0; path = CompaniesTests.xctest; sourceTree = BUILT_PRODUCTS_DIR; };
		1D3AB3031FB6998600C14745 /* CompaniesTests.swift */ = {isa = PBXFileReference; lastKnownFileType = sourcecode.swift; path = CompaniesTests.swift; sourceTree = "<group>"; };
		1D3AB3051FB6998600C14745 /* Info.plist */ = {isa = PBXFileReference; lastKnownFileType = text.plist.xml; path = Info.plist; sourceTree = "<group>"; };
		1D3AB30A1FB6998600C14745 /* CompaniesUITests.xctest */ = {isa = PBXFileReference; explicitFileType = wrapper.cfbundle; includeInIndex = 0; path = CompaniesUITests.xctest; sourceTree = BUILT_PRODUCTS_DIR; };
		1D3AB30E1FB6998600C14745 /* CompaniesUITests.swift */ = {isa = PBXFileReference; lastKnownFileType = sourcecode.swift; path = CompaniesUITests.swift; sourceTree = "<group>"; };
		1D3AB3101FB6998600C14745 /* Info.plist */ = {isa = PBXFileReference; lastKnownFileType = text.plist.xml; path = Info.plist; sourceTree = "<group>"; };
		1D3AB31D1FB6A59400C14745 /* Extensions.swift */ = {isa = PBXFileReference; fileEncoding = 4; lastKnownFileType = sourcecode.swift; path = Extensions.swift; sourceTree = "<group>"; };
		1D3AB3201FB6AC1F00C14745 /* Company.swift */ = {isa = PBXFileReference; fileEncoding = 4; lastKnownFileType = sourcecode.swift; path = Company.swift; sourceTree = "<group>"; };
		1D3AB3231FB6B36100C14745 /* CreateCompanyController.swift */ = {isa = PBXFileReference; fileEncoding = 4; lastKnownFileType = sourcecode.swift; path = CreateCompanyController.swift; sourceTree = "<group>"; };
/* End PBXFileReference section */

/* Begin PBXFrameworksBuildPhase section */
		1D3AB2E81FB6998500C14745 /* Frameworks */ = {
			isa = PBXFrameworksBuildPhase;
			buildActionMask = 2147483647;
			files = (
			);
			runOnlyForDeploymentPostprocessing = 0;
		};
		1D3AB2FC1FB6998600C14745 /* Frameworks */ = {
			isa = PBXFrameworksBuildPhase;
			buildActionMask = 2147483647;
			files = (
			);
			runOnlyForDeploymentPostprocessing = 0;
		};
		1D3AB3071FB6998600C14745 /* Frameworks */ = {
			isa = PBXFrameworksBuildPhase;
			buildActionMask = 2147483647;
			files = (
			);
			runOnlyForDeploymentPostprocessing = 0;
		};
/* End PBXFrameworksBuildPhase section */

/* Begin PBXGroup section */
		1D3AB2E21FB6998500C14745 = {
			isa = PBXGroup;
			children = (
				1D3AB2ED1FB6998500C14745 /* Companies */,
				1D3AB3021FB6998600C14745 /* CompaniesTests */,
				1D3AB30D1FB6998600C14745 /* CompaniesUITests */,
				1D3AB2EC1FB6998500C14745 /* Products */,
			);
			sourceTree = "<group>";
		};
		1D3AB2EC1FB6998500C14745 /* Products */ = {
			isa = PBXGroup;
			children = (
				1D3AB2EB1FB6998500C14745 /* Companies.app */,
				1D3AB2FF1FB6998600C14745 /* CompaniesTests.xctest */,
				1D3AB30A1FB6998600C14745 /* CompaniesUITests.xctest */,
			);
			name = Products;
			sourceTree = "<group>";
		};
		1D3AB2ED1FB6998500C14745 /* Companies */ = {
			isa = PBXGroup;
			children = (
				1D3AB2EE1FB6998500C14745 /* AppDelegate.swift */,
				1D3AB3221FB6B32A00C14745 /* Controllers */,
				1D3AB31F1FB6AC0F00C14745 /* Models */,
				1D3AB31C1FB6A58000C14745 /* Helpers */,
				1D3AB2F21FB6998500C14745 /* Main.storyboard */,
				1D3AB2F51FB6998500C14745 /* Assets.xcassets */,
				1D3AB2F71FB6998500C14745 /* LaunchScreen.storyboard */,
				1D3AB2FA1FB6998500C14745 /* Info.plist */,
			);
			path = Companies;
			sourceTree = "<group>";
		};
		1D3AB3021FB6998600C14745 /* CompaniesTests */ = {
			isa = PBXGroup;
			children = (
				1D3AB3031FB6998600C14745 /* CompaniesTests.swift */,
				1D3AB3051FB6998600C14745 /* Info.plist */,
			);
			path = CompaniesTests;
			sourceTree = "<group>";
		};
		1D3AB30D1FB6998600C14745 /* CompaniesUITests */ = {
			isa = PBXGroup;
			children = (
				1D3AB30E1FB6998600C14745 /* CompaniesUITests.swift */,
				1D3AB3101FB6998600C14745 /* Info.plist */,
			);
			path = CompaniesUITests;
			sourceTree = "<group>";
		};
		1D3AB31C1FB6A58000C14745 /* Helpers */ = {
			isa = PBXGroup;
			children = (
				1D3AB31D1FB6A59400C14745 /* Extensions.swift */,
			);
			name = Helpers;
			sourceTree = "<group>";
		};
		1D3AB31F1FB6AC0F00C14745 /* Models */ = {
			isa = PBXGroup;
			children = (
				1D3AB3201FB6AC1F00C14745 /* Company.swift */,
			);
			name = Models;
			sourceTree = "<group>";
		};
		1D3AB3221FB6B32A00C14745 /* Controllers */ = {
			isa = PBXGroup;
			children = (
				1D3AB2F01FB6998500C14745 /* CompaniesController.swift */,
				1D3AB3231FB6B36100C14745 /* CreateCompanyController.swift */,
			);
			name = Controllers;
			sourceTree = "<group>";
		};
/* End PBXGroup section */

/* Begin PBXNativeTarget section */
		1D3AB2EA1FB6998500C14745 /* Companies */ = {
			isa = PBXNativeTarget;
			buildConfigurationList = 1D3AB3131FB6998600C14745 /* Build configuration list for PBXNativeTarget "Companies" */;
			buildPhases = (
				1D3AB2E71FB6998500C14745 /* Sources */,
				1D3AB2E81FB6998500C14745 /* Frameworks */,
				1D3AB2E91FB6998500C14745 /* Resources */,
			);
			buildRules = (
			);
			dependencies = (
			);
			name = Companies;
			productName = Companies;
			productReference = 1D3AB2EB1FB6998500C14745 /* Companies.app */;
			productType = "com.apple.product-type.application";
		};
		1D3AB2FE1FB6998600C14745 /* CompaniesTests */ = {
			isa = PBXNativeTarget;
			buildConfigurationList = 1D3AB3161FB6998600C14745 /* Build configuration list for PBXNativeTarget "CompaniesTests" */;
			buildPhases = (
				1D3AB2FB1FB6998600C14745 /* Sources */,
				1D3AB2FC1FB6998600C14745 /* Frameworks */,
				1D3AB2FD1FB6998600C14745 /* Resources */,
			);
			buildRules = (
			);
			dependencies = (
				1D3AB3011FB6998600C14745 /* PBXTargetDependency */,
			);
			name = CompaniesTests;
			productName = CompaniesTests;
			productReference = 1D3AB2FF1FB6998600C14745 /* CompaniesTests.xctest */;
			productType = "com.apple.product-type.bundle.unit-test";
		};
		1D3AB3091FB6998600C14745 /* CompaniesUITests */ = {
			isa = PBXNativeTarget;
			buildConfigurationList = 1D3AB3191FB6998600C14745 /* Build configuration list for PBXNativeTarget "CompaniesUITests" */;
			buildPhases = (
				1D3AB3061FB6998600C14745 /* Sources */,
				1D3AB3071FB6998600C14745 /* Frameworks */,
				1D3AB3081FB6998600C14745 /* Resources */,
			);
			buildRules = (
			);
			dependencies = (
				1D3AB30C1FB6998600C14745 /* PBXTargetDependency */,
			);
			name = CompaniesUITests;
			productName = CompaniesUITests;
			productReference = 1D3AB30A1FB6998600C14745 /* CompaniesUITests.xctest */;
			productType = "com.apple.product-type.bundle.ui-testing";
		};
/* End PBXNativeTarget section */

/* Begin PBXProject section */
		1D3AB2E31FB6998500C14745 /* Project object */ = {
			isa = PBXProject;
			attributes = {
				LastSwiftUpdateCheck = 0830;
				LastUpgradeCheck = 0920;
				ORGANIZATIONNAME = mwong;
				TargetAttributes = {
					1D3AB2EA1FB6998500C14745 = {
						CreatedOnToolsVersion = 8.3.2;
						LastSwiftMigration = 0920;
						ProvisioningStyle = Automatic;
					};
					1D3AB2FE1FB6998600C14745 = {
						CreatedOnToolsVersion = 8.3.2;
						LastSwiftMigration = 0920;
						ProvisioningStyle = Automatic;
						TestTargetID = 1D3AB2EA1FB6998500C14745;
					};
					1D3AB3091FB6998600C14745 = {
						CreatedOnToolsVersion = 8.3.2;
						LastSwiftMigration = 0920;
						ProvisioningStyle = Automatic;
						TestTargetID = 1D3AB2EA1FB6998500C14745;
					};
				};
			};
			buildConfigurationList = 1D3AB2E61FB6998500C14745 /* Build configuration list for PBXProject "Companies" */;
			compatibilityVersion = "Xcode 3.2";
			developmentRegion = English;
			hasScannedForEncodings = 0;
			knownRegions = (
				en,
				Base,
			);
			mainGroup = 1D3AB2E21FB6998500C14745;
			productRefGroup = 1D3AB2EC1FB6998500C14745 /* Products */;
			projectDirPath = "";
			projectRoot = "";
			targets = (
				1D3AB2EA1FB6998500C14745 /* Companies */,
				1D3AB2FE1FB6998600C14745 /* CompaniesTests */,
				1D3AB3091FB6998600C14745 /* CompaniesUITests */,
			);
		};
/* End PBXProject section */

/* Begin PBXResourcesBuildPhase section */
		1D3AB2E91FB6998500C14745 /* Resources */ = {
			isa = PBXResourcesBuildPhase;
			buildActionMask = 2147483647;
			files = (
				1D3AB2F91FB6998500C14745 /* LaunchScreen.storyboard in Resources */,
				1D3AB2F61FB6998500C14745 /* Assets.xcassets in Resources */,
				1D3AB2F41FB6998500C14745 /* Main.storyboard in Resources */,
			);
			runOnlyForDeploymentPostprocessing = 0;
		};
		1D3AB2FD1FB6998600C14745 /* Resources */ = {
			isa = PBXResourcesBuildPhase;
			buildActionMask = 2147483647;
			files = (
			);
			runOnlyForDeploymentPostprocessing = 0;
		};
		1D3AB3081FB6998600C14745 /* Resources */ = {
			isa = PBXResourcesBuildPhase;
			buildActionMask = 2147483647;
			files = (
			);
			runOnlyForDeploymentPostprocessing = 0;
		};
/* End PBXResourcesBuildPhase section */

/* Begin PBXSourcesBuildPhase section */
		1D3AB2E71FB6998500C14745 /* Sources */ = {
			isa = PBXSourcesBuildPhase;
			buildActionMask = 2147483647;
			files = (
				1D3AB2F11FB6998500C14745 /* CompaniesController.swift in Sources */,
				1D3AB31E1FB6A59400C14745 /* Extensions.swift in Sources */,
				1D3AB3241FB6B36100C14745 /* CreateCompanyController.swift in Sources */,
				1D3AB2EF1FB6998500C14745 /* AppDelegate.swift in Sources */,
				1D3AB3211FB6AC1F00C14745 /* Company.swift in Sources */,
			);
			runOnlyForDeploymentPostprocessing = 0;
		};
		1D3AB2FB1FB6998600C14745 /* Sources */ = {
			isa = PBXSourcesBuildPhase;
			buildActionMask = 2147483647;
			files = (
				1D3AB3041FB6998600C14745 /* CompaniesTests.swift in Sources */,
			);
			runOnlyForDeploymentPostprocessing = 0;
		};
		1D3AB3061FB6998600C14745 /* Sources */ = {
			isa = PBXSourcesBuildPhase;
			buildActionMask = 2147483647;
			files = (
				1D3AB30F1FB6998600C14745 /* CompaniesUITests.swift in Sources */,
			);
			runOnlyForDeploymentPostprocessing = 0;
		};
/* End PBXSourcesBuildPhase section */

/* Begin PBXTargetDependency section */
		1D3AB3011FB6998600C14745 /* PBXTargetDependency */ = {
			isa = PBXTargetDependency;
			target = 1D3AB2EA1FB6998500C14745 /* Companies */;
			targetProxy = 1D3AB3001FB6998600C14745 /* PBXContainerItemProxy */;
		};
		1D3AB30C1FB6998600C14745 /* PBXTargetDependency */ = {
			isa = PBXTargetDependency;
			target = 1D3AB2EA1FB6998500C14745 /* Companies */;
			targetProxy = 1D3AB30B1FB6998600C14745 /* PBXContainerItemProxy */;
		};
/* End PBXTargetDependency section */

/* Begin PBXVariantGroup section */
		1D3AB2F21FB6998500C14745 /* Main.storyboard */ = {
			isa = PBXVariantGroup;
			children = (
				1D3AB2F31FB6998500C14745 /* Base */,
			);
			name = Main.storyboard;
			sourceTree = "<group>";
		};
		1D3AB2F71FB6998500C14745 /* LaunchScreen.storyboard */ = {
			isa = PBXVariantGroup;
			children = (
				1D3AB2F81FB6998500C14745 /* Base */,
			);
			name = LaunchScreen.storyboard;
			sourceTree = "<group>";
		};
/* End PBXVariantGroup section */

/* Begin XCBuildConfiguration section */
		1D3AB3111FB6998600C14745 /* Debug */ = {
			isa = XCBuildConfiguration;
			buildSettings = {
				ALWAYS_SEARCH_USER_PATHS = NO;
				CLANG_ANALYZER_NONNULL = YES;
				CLANG_ANALYZER_NUMBER_OBJECT_CONVERSION = YES_AGGRESSIVE;
				CLANG_CXX_LANGUAGE_STANDARD = "gnu++0x";
				CLANG_CXX_LIBRARY = "libc++";
				CLANG_ENABLE_MODULES = YES;
				CLANG_ENABLE_OBJC_ARC = YES;
				CLANG_WARN_BLOCK_CAPTURE_AUTORELEASING = YES;
				CLANG_WARN_BOOL_CONVERSION = YES;
				CLANG_WARN_COMMA = YES;
				CLANG_WARN_CONSTANT_CONVERSION = YES;
				CLANG_WARN_DIRECT_OBJC_ISA_USAGE = YES_ERROR;
				CLANG_WARN_DOCUMENTATION_COMMENTS = YES;
				CLANG_WARN_EMPTY_BODY = YES;
				CLANG_WARN_ENUM_CONVERSION = YES;
				CLANG_WARN_INFINITE_RECURSION = YES;
				CLANG_WARN_INT_CONVERSION = YES;
				CLANG_WARN_NON_LITERAL_NULL_CONVERSION = YES;
				CLANG_WARN_OBJC_LITERAL_CONVERSION = YES;
				CLANG_WARN_OBJC_ROOT_CLASS = YES_ERROR;
				CLANG_WARN_RANGE_LOOP_ANALYSIS = YES;
				CLANG_WARN_STRICT_PROTOTYPES = YES;
				CLANG_WARN_SUSPICIOUS_MOVE = YES;
				CLANG_WARN_UNREACHABLE_CODE = YES;
				CLANG_WARN__DUPLICATE_METHOD_MATCH = YES;
				"CODE_SIGN_IDENTITY[sdk=iphoneos*]" = "iPhone Developer";
				COPY_PHASE_STRIP = NO;
				DEBUG_INFORMATION_FORMAT = dwarf;
				ENABLE_STRICT_OBJC_MSGSEND = YES;
				ENABLE_TESTABILITY = YES;
				GCC_C_LANGUAGE_STANDARD = gnu99;
				GCC_DYNAMIC_NO_PIC = NO;
				GCC_NO_COMMON_BLOCKS = YES;
				GCC_OPTIMIZATION_LEVEL = 0;
				GCC_PREPROCESSOR_DEFINITIONS = (
					"DEBUG=1",
					"$(inherited)",
				);
				GCC_WARN_64_TO_32_BIT_CONVERSION = YES;
				GCC_WARN_ABOUT_RETURN_TYPE = YES_ERROR;
				GCC_WARN_UNDECLARED_SELECTOR = YES;
				GCC_WARN_UNINITIALIZED_AUTOS = YES_AGGRESSIVE;
				GCC_WARN_UNUSED_FUNCTION = YES;
				GCC_WARN_UNUSED_VARIABLE = YES;
				IPHONEOS_DEPLOYMENT_TARGET = 10.3;
				MTL_ENABLE_DEBUG_INFO = YES;
				ONLY_ACTIVE_ARCH = YES;
				SDKROOT = iphoneos;
				SWIFT_ACTIVE_COMPILATION_CONDITIONS = DEBUG;
				SWIFT_OPTIMIZATION_LEVEL = "-Onone";
			};
			name = Debug;
		};
		1D3AB3121FB6998600C14745 /* Release */ = {
			isa = XCBuildConfiguration;
			buildSettings = {
				ALWAYS_SEARCH_USER_PATHS = NO;
				CLANG_ANALYZER_NONNULL = YES;
				CLANG_ANALYZER_NUMBER_OBJECT_CONVERSION = YES_AGGRESSIVE;
				CLANG_CXX_LANGUAGE_STANDARD = "gnu++0x";
				CLANG_CXX_LIBRARY = "libc++";
				CLANG_ENABLE_MODULES = YES;
				CLANG_ENABLE_OBJC_ARC = YES;
				CLANG_WARN_BLOCK_CAPTURE_AUTORELEASING = YES;
				CLANG_WARN_BOOL_CONVERSION = YES;
				CLANG_WARN_COMMA = YES;
				CLANG_WARN_CONSTANT_CONVERSION = YES;
				CLANG_WARN_DIRECT_OBJC_ISA_USAGE = YES_ERROR;
				CLANG_WARN_DOCUMENTATION_COMMENTS = YES;
				CLANG_WARN_EMPTY_BODY = YES;
				CLANG_WARN_ENUM_CONVERSION = YES;
				CLANG_WARN_INFINITE_RECURSION = YES;
				CLANG_WARN_INT_CONVERSION = YES;
				CLANG_WARN_NON_LITERAL_NULL_CONVERSION = YES;
				CLANG_WARN_OBJC_LITERAL_CONVERSION = YES;
				CLANG_WARN_OBJC_ROOT_CLASS = YES_ERROR;
				CLANG_WARN_RANGE_LOOP_ANALYSIS = YES;
				CLANG_WARN_STRICT_PROTOTYPES = YES;
				CLANG_WARN_SUSPICIOUS_MOVE = YES;
				CLANG_WARN_UNREACHABLE_CODE = YES;
				CLANG_WARN__DUPLICATE_METHOD_MATCH = YES;
				"CODE_SIGN_IDENTITY[sdk=iphoneos*]" = "iPhone Developer";
				COPY_PHASE_STRIP = NO;
				DEBUG_INFORMATION_FORMAT = "dwarf-with-dsym";
				ENABLE_NS_ASSERTIONS = NO;
				ENABLE_STRICT_OBJC_MSGSEND = YES;
				GCC_C_LANGUAGE_STANDARD = gnu99;
				GCC_NO_COMMON_BLOCKS = YES;
				GCC_WARN_64_TO_32_BIT_CONVERSION = YES;
				GCC_WARN_ABOUT_RETURN_TYPE = YES_ERROR;
				GCC_WARN_UNDECLARED_SELECTOR = YES;
				GCC_WARN_UNINITIALIZED_AUTOS = YES_AGGRESSIVE;
				GCC_WARN_UNUSED_FUNCTION = YES;
				GCC_WARN_UNUSED_VARIABLE = YES;
				IPHONEOS_DEPLOYMENT_TARGET = 10.3;
				MTL_ENABLE_DEBUG_INFO = NO;
				SDKROOT = iphoneos;
				SWIFT_OPTIMIZATION_LEVEL = "-Owholemodule";
				VALIDATE_PRODUCT = YES;
			};
			name = Release;
		};
		1D3AB3141FB6998600C14745 /* Debug */ = {
			isa = XCBuildConfiguration;
			buildSettings = {
				ASSETCATALOG_COMPILER_APPICON_NAME = AppIcon;
				INFOPLIST_FILE = Companies/Info.plist;
				LD_RUNPATH_SEARCH_PATHS = "$(inherited) @executable_path/Frameworks";
				PRODUCT_BUNDLE_IDENTIFIER = com.codepath.Companies;
				PRODUCT_NAME = "$(TARGET_NAME)";
				SWIFT_SWIFT3_OBJC_INFERENCE = Default;
				SWIFT_VERSION = 4.0;
			};
			name = Debug;
		};
		1D3AB3151FB6998600C14745 /* Release */ = {
			isa = XCBuildConfiguration;
			buildSettings = {
				ASSETCATALOG_COMPILER_APPICON_NAME = AppIcon;
				INFOPLIST_FILE = Companies/Info.plist;
				LD_RUNPATH_SEARCH_PATHS = "$(inherited) @executable_path/Frameworks";
				PRODUCT_BUNDLE_IDENTIFIER = com.codepath.Companies;
				PRODUCT_NAME = "$(TARGET_NAME)";
				SWIFT_SWIFT3_OBJC_INFERENCE = Default;
				SWIFT_VERSION = 4.0;
			};
			name = Release;
		};
		1D3AB3171FB6998600C14745 /* Debug */ = {
			isa = XCBuildConfiguration;
			buildSettings = {
				ALWAYS_EMBED_SWIFT_STANDARD_LIBRARIES = YES;
				BUNDLE_LOADER = "$(TEST_HOST)";
				INFOPLIST_FILE = CompaniesTests/Info.plist;
				LD_RUNPATH_SEARCH_PATHS = "$(inherited) @executable_path/Frameworks @loader_path/Frameworks";
				PRODUCT_BUNDLE_IDENTIFIER = com.codepath.CompaniesTests;
				PRODUCT_NAME = "$(TARGET_NAME)";
				SWIFT_SWIFT3_OBJC_INFERENCE = On;
				SWIFT_VERSION = 4.0;
				TEST_HOST = "$(BUILT_PRODUCTS_DIR)/Companies.app/Companies";
			};
			name = Debug;
		};
		1D3AB3181FB6998600C14745 /* Release */ = {
			isa = XCBuildConfiguration;
			buildSettings = {
				ALWAYS_EMBED_SWIFT_STANDARD_LIBRARIES = YES;
				BUNDLE_LOADER = "$(TEST_HOST)";
				INFOPLIST_FILE = CompaniesTests/Info.plist;
				LD_RUNPATH_SEARCH_PATHS = "$(inherited) @executable_path/Frameworks @loader_path/Frameworks";
				PRODUCT_BUNDLE_IDENTIFIER = com.codepath.CompaniesTests;
				PRODUCT_NAME = "$(TARGET_NAME)";
				SWIFT_SWIFT3_OBJC_INFERENCE = On;
				SWIFT_VERSION = 4.0;
				TEST_HOST = "$(BUILT_PRODUCTS_DIR)/Companies.app/Companies";
			};
			name = Release;
		};
		1D3AB31A1FB6998600C14745 /* Debug */ = {
			isa = XCBuildConfiguration;
			buildSettings = {
				ALWAYS_EMBED_SWIFT_STANDARD_LIBRARIES = YES;
				INFOPLIST_FILE = CompaniesUITests/Info.plist;
				LD_RUNPATH_SEARCH_PATHS = "$(inherited) @executable_path/Frameworks @loader_path/Frameworks";
				PRODUCT_BUNDLE_IDENTIFIER = com.codepath.CompaniesUITests;
				PRODUCT_NAME = "$(TARGET_NAME)";
				SWIFT_SWIFT3_OBJC_INFERENCE = On;
				SWIFT_VERSION = 4.0;
				TEST_TARGET_NAME = Companies;
			};
			name = Debug;
		};
		1D3AB31B1FB6998600C14745 /* Release */ = {
			isa = XCBuildConfiguration;
			buildSettings = {
				ALWAYS_EMBED_SWIFT_STANDARD_LIBRARIES = YES;
				INFOPLIST_FILE = CompaniesUITests/Info.plist;
				LD_RUNPATH_SEARCH_PATHS = "$(inherited) @executable_path/Frameworks @loader_path/Frameworks";
				PRODUCT_BUNDLE_IDENTIFIER = com.codepath.CompaniesUITests;
				PRODUCT_NAME = "$(TARGET_NAME)";
				SWIFT_SWIFT3_OBJC_INFERENCE = On;
				SWIFT_VERSION = 4.0;
				TEST_TARGET_NAME = Companies;
			};
			name = Release;
		};
/* End XCBuildConfiguration section */

/* Begin XCConfigurationList section */
		1D3AB2E61FB6998500C14745 /* Build configuration list for PBXProject "Companies" */ = {
			isa = XCConfigurationList;
			buildConfigurations = (
				1D3AB3111FB6998600C14745 /* Debug */,
				1D3AB3121FB6998600C14745 /* Release */,
			);
			defaultConfigurationIsVisible = 0;
			defaultConfigurationName = Release;
		};
		1D3AB3131FB6998600C14745 /* Build configuration list for PBXNativeTarget "Companies" */ = {
			isa = XCConfigurationList;
			buildConfigurations = (
				1D3AB3141FB6998600C14745 /* Debug */,
				1D3AB3151FB6998600C14745 /* Release */,
			);
			defaultConfigurationIsVisible = 0;
			defaultConfigurationName = Release;
		};
		1D3AB3161FB6998600C14745 /* Build configuration list for PBXNativeTarget "CompaniesTests" */ = {
			isa = XCConfigurationList;
			buildConfigurations = (
				1D3AB3171FB6998600C14745 /* Debug */,
				1D3AB3181FB6998600C14745 /* Release */,
			);
			defaultConfigurationIsVisible = 0;
			defaultConfigurationName = Release;
		};
		1D3AB3191FB6998600C14745 /* Build configuration list for PBXNativeTarget "CompaniesUITests" */ = {
			isa = XCConfigurationList;
			buildConfigurations = (
				1D3AB31A1FB6998600C14745 /* Debug */,
				1D3AB31B1FB6998600C14745 /* Release */,
			);
			defaultConfigurationIsVisible = 0;
			defaultConfigurationName = Release;
		};
/* End XCConfigurationList section */
	};
	rootObject = 1D3AB2E31FB6998500C14745 /* Project object */;
}
